
Microsoft Visual Studio Solution File, Format Version 12.00
# Visual Studio Version 16
VisualStudioVersion = 16.0.29613.14
MinimumVisualStudioVersion = 10.0.40219.1
Project("{8BC9CEB8-8B4A-11D0-8D11-00A0C91BC942}") = "LibTests", "LibTests.vcxproj", "{9D912CF1-E8FF-4A09-A0E5-758BF18DB7DD}"
EndProject
Global
	GlobalSection(SolutionConfigurationPlatforms) = preSolution
		Debug|x64 = Debug|x64
		Debug|x86 = Debug|x86
		Release|x64 = Release|x64
		Release|x86 = Release|x86
	EndGlobalSection
	GlobalSection(ProjectConfigurationPlatforms) = postSolution
		{9D912CF1-E8FF-4A09-A0E5-758BF18DB7DD}.Debug|x64.ActiveCfg = Debug|x64
		{9D912CF1-E8FF-4A09-A0E5-758BF18DB7DD}.Debug|x64.Build.0 = Debug|x64
		{9D912CF1-E8FF-4A09-A0E5-758BF18DB7DD}.Debug|x86.ActiveCfg = Debug|Win32
		{9D912CF1-E8FF-4A09-A0E5-758BF18DB7DD}.Debug|x86.Build.0 = Debug|Win32
		{9D912CF1-E8FF-4A09-A0E5-758BF18DB7DD}.Release|x64.ActiveCfg = Release|x64
		{9D912CF1-E8FF-4A09-A0E5-758BF18DB7DD}.Release|x64.Build.0 = Release|x64
		{9D912CF1-E8FF-4A09-A0E5-758BF18DB7DD}.Release|x86.ActiveCfg = Release|Win32
		{9D912CF1-E8FF-4A09-A0E5-758BF18DB7DD}.Release|x86.Build.0 = Release|Win32
	EndGlobalSection
	GlobalSection(SolutionProperties) = preSolution
		HideSolutionNode = FALSE
	EndGlobalSection
	GlobalSection(ExtensibilityGlobals) = postSolution
		SolutionGuid = {57FC390B-B5C6-478E-8101-92F0CF7B30DC}
	EndGlobalSection
EndGlobal
